
Microsoft Visual Studio Solution File, Format Version 12.00
Project("{FAE04EC0-301F-11D3-BF4B-00C04F79EFBC}") = "Day05", "Day05\Day05.csproj", "{DC530EBF-6B1F-49CC-AA21-50607D57A975}"
EndProject
Project("{FAE04EC0-301F-11D3-BF4B-00C04F79EFBC}") = "Day06", "Day06\Day06.csproj", "{AB1FB707-D2F1-41D7-B1DC-0B4FCE28A403}"
EndProject
Project("{FAE04EC0-301F-11D3-BF4B-00C04F79EFBC}") = "Day07", "Day07\Day07.csproj", "{06A23768-D3CE-4A8A-A3C5-D408E2B8169F}"
EndProject
Project("{FAE04EC0-301F-11D3-BF4B-00C04F79EFBC}") = "Day09", "Day09\Day09.csproj", "{C08FEDAE-F639-4280-A292-FB68BACE6249}"
EndProject
Project("{FAE04EC0-301F-11D3-BF4B-00C04F79EFBC}") = "Day10", "Day10\Day10.csproj", "{0AE979F0-AB03-42A4-B225-4CAAB5B8A0DF}"
EndProject
Global
	GlobalSection(SolutionConfigurationPlatforms) = preSolution
		Debug|Any CPU = Debug|Any CPU
		Release|Any CPU = Release|Any CPU
	EndGlobalSection
	GlobalSection(ProjectConfigurationPlatforms) = postSolution
		{DC530EBF-6B1F-49CC-AA21-50607D57A975}.Debug|Any CPU.ActiveCfg = Debug|Any CPU
		{DC530EBF-6B1F-49CC-AA21-50607D57A975}.Debug|Any CPU.Build.0 = Debug|Any CPU
		{DC530EBF-6B1F-49CC-AA21-50607D57A975}.Release|Any CPU.ActiveCfg = Release|Any CPU
		{DC530EBF-6B1F-49CC-AA21-50607D57A975}.Release|Any CPU.Build.0 = Release|Any CPU
		{AB1FB707-D2F1-41D7-B1DC-0B4FCE28A403}.Debug|Any CPU.ActiveCfg = Debug|Any CPU
		{AB1FB707-D2F1-41D7-B1DC-0B4FCE28A403}.Debug|Any CPU.Build.0 = Debug|Any CPU
		{AB1FB707-D2F1-41D7-B1DC-0B4FCE28A403}.Release|Any CPU.ActiveCfg = Release|Any CPU
		{AB1FB707-D2F1-41D7-B1DC-0B4FCE28A403}.Release|Any CPU.Build.0 = Release|Any CPU
		{06A23768-D3CE-4A8A-A3C5-D408E2B8169F}.Debug|Any CPU.ActiveCfg = Debug|Any CPU
		{06A23768-D3CE-4A8A-A3C5-D408E2B8169F}.Debug|Any CPU.Build.0 = Debug|Any CPU
		{06A23768-D3CE-4A8A-A3C5-D408E2B8169F}.Release|Any CPU.ActiveCfg = Release|Any CPU
		{06A23768-D3CE-4A8A-A3C5-D408E2B8169F}.Release|Any CPU.Build.0 = Release|Any CPU
		{C08FEDAE-F639-4280-A292-FB68BACE6249}.Debug|Any CPU.ActiveCfg = Debug|Any CPU
		{C08FEDAE-F639-4280-A292-FB68BACE6249}.Debug|Any CPU.Build.0 = Debug|Any CPU
		{C08FEDAE-F639-4280-A292-FB68BACE6249}.Release|Any CPU.ActiveCfg = Release|Any CPU
		{C08FEDAE-F639-4280-A292-FB68BACE6249}.Release|Any CPU.Build.0 = Release|Any CPU
		{0AE979F0-AB03-42A4-B225-4CAAB5B8A0DF}.Debug|Any CPU.ActiveCfg = Debug|Any CPU
		{0AE979F0-AB03-42A4-B225-4CAAB5B8A0DF}.Debug|Any CPU.Build.0 = Debug|Any CPU
		{0AE979F0-AB03-42A4-B225-4CAAB5B8A0DF}.Release|Any CPU.ActiveCfg = Release|Any CPU
		{0AE979F0-AB03-42A4-B225-4CAAB5B8A0DF}.Release|Any CPU.Build.0 = Release|Any CPU
	EndGlobalSection
EndGlobal
