
Microsoft Visual Studio Solution File, Format Version 12.00
Project("{FAE04EC0-301F-11D3-BF4B-00C04F79EFBC}") = "Day05", "Day05\Day05.csproj", "{DC530EBF-6B1F-49CC-AA21-50607D57A975}"
EndProject
Project("{FAE04EC0-301F-11D3-BF4B-00C04F79EFBC}") = "Day06", "Day06\Day06.csproj", "{AB1FB707-D2F1-41D7-B1DC-0B4FCE28A403}"
EndProject
Project("{FAE04EC0-301F-11D3-BF4B-00C04F79EFBC}") = "Day07", "Day07\Day07.csproj", "{06A23768-D3CE-4A8A-A3C5-D408E2B8169F}"
EndProject
Project("{FAE04EC0-301F-11D3-BF4B-00C04F79EFBC}") = "Day09", "Day09\Day09.csproj", "{C08FEDAE-F639-4280-A292-FB68BACE6249}"
EndProject
Project("{FAE04EC0-301F-11D3-BF4B-00C04F79EFBC}") = "Day10", "Day10\Day10.csproj", "{0AE979F0-AB03-42A4-B225-4CAAB5B8A0DF}"
EndProject
Project("{FAE04EC0-301F-11D3-BF4B-00C04F79EFBC}") = "Day12", "Day12\Day12.csproj", "{D00C1FE0-5ADD-43D3-8AAF-A1614523EE7E}"
EndProject
Project("{FAE04EC0-301F-11D3-BF4B-00C04F79EFBC}") = "Day16", "Day16\Day16.csproj", "{5ACAE9E5-928E-44DE-B28E-89B497EF8318}"
EndProject
Project("{FAE04EC0-301F-11D3-BF4B-00C04F79EFBC}") = "Day18", "Day18\Day18.csproj", "{3B5E8B26-0DAA-43A2-9D32-6EE4B6F77E84}"
EndProject
Project("{FAE04EC0-301F-11D3-BF4B-00C04F79EFBC}") = "Day19", "Day19\Day19.csproj", "{51BA3B7B-5FD3-4A13-BB9C-49818AFBDAA1}"
EndProject
Project("{FAE04EC0-301F-11D3-BF4B-00C04F79EFBC}") = "Day20", "Day20\Day20.csproj", "{F14108E6-7372-4248-B09D-D26E26650AEF}"
EndProject
Project("{FAE04EC0-301F-11D3-BF4B-00C04F79EFBC}") = "Day04", "Day04\Day04.csproj", "{37E5162C-6349-41AA-B812-4E2F249135FE}"
EndProject
Project("{FAE04EC0-301F-11D3-BF4B-00C04F79EFBC}") = "Day14", "Day14\Day14.csproj", "{BC21D6C0-C969-4E49-BFCD-4033C402C44D}"
EndProject
Project("{FAE04EC0-301F-11D3-BF4B-00C04F79EFBC}") = "Day15", "Day15\Day15.csproj", "{2134FAB4-97F8-4A60-96A1-65D95305E33C}"
EndProject
Project("{FAE04EC0-301F-11D3-BF4B-00C04F79EFBC}") = "Day17", "Day17\Day17.csproj", "{E4338CC1-8918-483F-82EE-96EF2171F0BD}"
EndProject
Project("{FAE04EC0-301F-11D3-BF4B-00C04F79EFBC}") = "Day25", "Day25\Day25.csproj", "{5BCE11F8-7BD2-423B-A162-511377477893}"
EndProject
Project("{FAE04EC0-301F-11D3-BF4B-00C04F79EFBC}") = "Day11", "Day11\Day11.csproj", "{683102AC-83C6-477C-B85E-B79D47204177}"
EndProject
Project("{FAE04EC0-301F-11D3-BF4B-00C04F79EFBC}") = "Day22", "Day22\Day22.csproj", "{EFDF8A3F-4246-495F-9D43-74CB11A6B040}"
EndProject
Project("{FAE04EC0-301F-11D3-BF4B-00C04F79EFBC}") = "Day23", "Day23\Day23.csproj", "{CED106A9-402E-4D31-BB4E-A56E56408D5C}"
EndProject
Global
	GlobalSection(SolutionConfigurationPlatforms) = preSolution
		Debug|Any CPU = Debug|Any CPU
		Release|Any CPU = Release|Any CPU
	EndGlobalSection
	GlobalSection(ProjectConfigurationPlatforms) = postSolution
		{DC530EBF-6B1F-49CC-AA21-50607D57A975}.Debug|Any CPU.ActiveCfg = Debug|Any CPU
		{DC530EBF-6B1F-49CC-AA21-50607D57A975}.Debug|Any CPU.Build.0 = Debug|Any CPU
		{DC530EBF-6B1F-49CC-AA21-50607D57A975}.Release|Any CPU.ActiveCfg = Release|Any CPU
		{DC530EBF-6B1F-49CC-AA21-50607D57A975}.Release|Any CPU.Build.0 = Release|Any CPU
		{AB1FB707-D2F1-41D7-B1DC-0B4FCE28A403}.Debug|Any CPU.ActiveCfg = Debug|Any CPU
		{AB1FB707-D2F1-41D7-B1DC-0B4FCE28A403}.Debug|Any CPU.Build.0 = Debug|Any CPU
		{AB1FB707-D2F1-41D7-B1DC-0B4FCE28A403}.Release|Any CPU.ActiveCfg = Release|Any CPU
		{AB1FB707-D2F1-41D7-B1DC-0B4FCE28A403}.Release|Any CPU.Build.0 = Release|Any CPU
		{06A23768-D3CE-4A8A-A3C5-D408E2B8169F}.Debug|Any CPU.ActiveCfg = Debug|Any CPU
		{06A23768-D3CE-4A8A-A3C5-D408E2B8169F}.Debug|Any CPU.Build.0 = Debug|Any CPU
		{06A23768-D3CE-4A8A-A3C5-D408E2B8169F}.Release|Any CPU.ActiveCfg = Release|Any CPU
		{06A23768-D3CE-4A8A-A3C5-D408E2B8169F}.Release|Any CPU.Build.0 = Release|Any CPU
		{C08FEDAE-F639-4280-A292-FB68BACE6249}.Debug|Any CPU.ActiveCfg = Debug|Any CPU
		{C08FEDAE-F639-4280-A292-FB68BACE6249}.Debug|Any CPU.Build.0 = Debug|Any CPU
		{C08FEDAE-F639-4280-A292-FB68BACE6249}.Release|Any CPU.ActiveCfg = Release|Any CPU
		{C08FEDAE-F639-4280-A292-FB68BACE6249}.Release|Any CPU.Build.0 = Release|Any CPU
		{0AE979F0-AB03-42A4-B225-4CAAB5B8A0DF}.Debug|Any CPU.ActiveCfg = Debug|Any CPU
		{0AE979F0-AB03-42A4-B225-4CAAB5B8A0DF}.Debug|Any CPU.Build.0 = Debug|Any CPU
		{0AE979F0-AB03-42A4-B225-4CAAB5B8A0DF}.Release|Any CPU.ActiveCfg = Release|Any CPU
		{0AE979F0-AB03-42A4-B225-4CAAB5B8A0DF}.Release|Any CPU.Build.0 = Release|Any CPU
		{D00C1FE0-5ADD-43D3-8AAF-A1614523EE7E}.Debug|Any CPU.ActiveCfg = Debug|Any CPU
		{D00C1FE0-5ADD-43D3-8AAF-A1614523EE7E}.Debug|Any CPU.Build.0 = Debug|Any CPU
		{D00C1FE0-5ADD-43D3-8AAF-A1614523EE7E}.Release|Any CPU.ActiveCfg = Release|Any CPU
		{D00C1FE0-5ADD-43D3-8AAF-A1614523EE7E}.Release|Any CPU.Build.0 = Release|Any CPU
		{5ACAE9E5-928E-44DE-B28E-89B497EF8318}.Debug|Any CPU.ActiveCfg = Debug|Any CPU
		{5ACAE9E5-928E-44DE-B28E-89B497EF8318}.Debug|Any CPU.Build.0 = Debug|Any CPU
		{5ACAE9E5-928E-44DE-B28E-89B497EF8318}.Release|Any CPU.ActiveCfg = Release|Any CPU
		{5ACAE9E5-928E-44DE-B28E-89B497EF8318}.Release|Any CPU.Build.0 = Release|Any CPU
		{3B5E8B26-0DAA-43A2-9D32-6EE4B6F77E84}.Debug|Any CPU.ActiveCfg = Debug|Any CPU
		{3B5E8B26-0DAA-43A2-9D32-6EE4B6F77E84}.Debug|Any CPU.Build.0 = Debug|Any CPU
		{3B5E8B26-0DAA-43A2-9D32-6EE4B6F77E84}.Release|Any CPU.ActiveCfg = Release|Any CPU
		{3B5E8B26-0DAA-43A2-9D32-6EE4B6F77E84}.Release|Any CPU.Build.0 = Release|Any CPU
		{51BA3B7B-5FD3-4A13-BB9C-49818AFBDAA1}.Debug|Any CPU.ActiveCfg = Debug|Any CPU
		{51BA3B7B-5FD3-4A13-BB9C-49818AFBDAA1}.Debug|Any CPU.Build.0 = Debug|Any CPU
		{51BA3B7B-5FD3-4A13-BB9C-49818AFBDAA1}.Release|Any CPU.ActiveCfg = Release|Any CPU
		{51BA3B7B-5FD3-4A13-BB9C-49818AFBDAA1}.Release|Any CPU.Build.0 = Release|Any CPU
		{F14108E6-7372-4248-B09D-D26E26650AEF}.Debug|Any CPU.ActiveCfg = Debug|Any CPU
		{F14108E6-7372-4248-B09D-D26E26650AEF}.Debug|Any CPU.Build.0 = Debug|Any CPU
		{F14108E6-7372-4248-B09D-D26E26650AEF}.Release|Any CPU.ActiveCfg = Release|Any CPU
		{F14108E6-7372-4248-B09D-D26E26650AEF}.Release|Any CPU.Build.0 = Release|Any CPU
		{37E5162C-6349-41AA-B812-4E2F249135FE}.Debug|Any CPU.ActiveCfg = Debug|Any CPU
		{37E5162C-6349-41AA-B812-4E2F249135FE}.Debug|Any CPU.Build.0 = Debug|Any CPU
		{37E5162C-6349-41AA-B812-4E2F249135FE}.Release|Any CPU.ActiveCfg = Release|Any CPU
		{37E5162C-6349-41AA-B812-4E2F249135FE}.Release|Any CPU.Build.0 = Release|Any CPU
		{BC21D6C0-C969-4E49-BFCD-4033C402C44D}.Debug|Any CPU.ActiveCfg = Debug|Any CPU
		{BC21D6C0-C969-4E49-BFCD-4033C402C44D}.Debug|Any CPU.Build.0 = Debug|Any CPU
		{BC21D6C0-C969-4E49-BFCD-4033C402C44D}.Release|Any CPU.ActiveCfg = Release|Any CPU
		{BC21D6C0-C969-4E49-BFCD-4033C402C44D}.Release|Any CPU.Build.0 = Release|Any CPU
		{2134FAB4-97F8-4A60-96A1-65D95305E33C}.Debug|Any CPU.ActiveCfg = Debug|Any CPU
		{2134FAB4-97F8-4A60-96A1-65D95305E33C}.Debug|Any CPU.Build.0 = Debug|Any CPU
		{2134FAB4-97F8-4A60-96A1-65D95305E33C}.Release|Any CPU.ActiveCfg = Release|Any CPU
		{2134FAB4-97F8-4A60-96A1-65D95305E33C}.Release|Any CPU.Build.0 = Release|Any CPU
		{E4338CC1-8918-483F-82EE-96EF2171F0BD}.Debug|Any CPU.ActiveCfg = Debug|Any CPU
		{E4338CC1-8918-483F-82EE-96EF2171F0BD}.Debug|Any CPU.Build.0 = Debug|Any CPU
		{E4338CC1-8918-483F-82EE-96EF2171F0BD}.Release|Any CPU.ActiveCfg = Release|Any CPU
		{E4338CC1-8918-483F-82EE-96EF2171F0BD}.Release|Any CPU.Build.0 = Release|Any CPU
		{5BCE11F8-7BD2-423B-A162-511377477893}.Debug|Any CPU.ActiveCfg = Debug|Any CPU
		{5BCE11F8-7BD2-423B-A162-511377477893}.Debug|Any CPU.Build.0 = Debug|Any CPU
		{5BCE11F8-7BD2-423B-A162-511377477893}.Release|Any CPU.ActiveCfg = Release|Any CPU
		{5BCE11F8-7BD2-423B-A162-511377477893}.Release|Any CPU.Build.0 = Release|Any CPU
		{683102AC-83C6-477C-B85E-B79D47204177}.Debug|Any CPU.ActiveCfg = Debug|Any CPU
		{683102AC-83C6-477C-B85E-B79D47204177}.Debug|Any CPU.Build.0 = Debug|Any CPU
		{683102AC-83C6-477C-B85E-B79D47204177}.Release|Any CPU.ActiveCfg = Release|Any CPU
		{683102AC-83C6-477C-B85E-B79D47204177}.Release|Any CPU.Build.0 = Release|Any CPU
		{EFDF8A3F-4246-495F-9D43-74CB11A6B040}.Debug|Any CPU.ActiveCfg = Debug|Any CPU
		{EFDF8A3F-4246-495F-9D43-74CB11A6B040}.Debug|Any CPU.Build.0 = Debug|Any CPU
		{EFDF8A3F-4246-495F-9D43-74CB11A6B040}.Release|Any CPU.ActiveCfg = Release|Any CPU
		{EFDF8A3F-4246-495F-9D43-74CB11A6B040}.Release|Any CPU.Build.0 = Release|Any CPU
		{CED106A9-402E-4D31-BB4E-A56E56408D5C}.Debug|Any CPU.ActiveCfg = Debug|Any CPU
		{CED106A9-402E-4D31-BB4E-A56E56408D5C}.Debug|Any CPU.Build.0 = Debug|Any CPU
		{CED106A9-402E-4D31-BB4E-A56E56408D5C}.Release|Any CPU.ActiveCfg = Release|Any CPU
		{CED106A9-402E-4D31-BB4E-A56E56408D5C}.Release|Any CPU.Build.0 = Release|Any CPU
	EndGlobalSection
EndGlobal
